
Microsoft Visual Studio Solution File, Format Version 12.00
# Visual Studio Version 17
VisualStudioVersion = 17.14.36301.6 d17.14
MinimumVisualStudioVersion = 10.0.40219.1
Project("{FAE04EC0-301F-11D3-BF4B-00C04F79EFBC}") = "4UTopic One - The Basics", "4UTopic One - The Basics.csproj", "{3716CA09-525B-428D-8C9D-B4A0AB8B233C}"
EndProject
Global
	GlobalSection(SolutionConfigurationPlatforms) = preSolution
		Debug|Any CPU = Debug|Any CPU
		Release|Any CPU = Release|Any CPU
	EndGlobalSection
	GlobalSection(ProjectConfigurationPlatforms) = postSolution
		{3716CA09-525B-428D-8C9D-B4A0AB8B233C}.Debug|Any CPU.ActiveCfg = Debug|Any CPU
		{3716CA09-525B-428D-8C9D-B4A0AB8B233C}.Debug|Any CPU.Build.0 = Debug|Any CPU
		{3716CA09-525B-428D-8C9D-B4A0AB8B233C}.Release|Any CPU.ActiveCfg = Release|Any CPU
		{3716CA09-525B-428D-8C9D-B4A0AB8B233C}.Release|Any CPU.Build.0 = Release|Any CPU
	EndGlobalSection
	GlobalSection(SolutionProperties) = preSolution
		HideSolutionNode = FALSE
	EndGlobalSection
	GlobalSection(ExtensibilityGlobals) = postSolution
		SolutionGuid = {063953E1-2941-4B23-92F1-C69242B79335}
	EndGlobalSection
EndGlobal
